
Microsoft Visual Studio Solution File, Format Version 12.00
# Visual Studio Version 17
VisualStudioVersion = 17.7.34031.279
MinimumVisualStudioVersion = 10.0.40219.1
Project("{FAE04EC0-301F-11D3-BF4B-00C04F79EFBC}") = "WebSmartPhone", "WebSmartPhone\WebSmartPhone.csproj", "{84AA79CC-2FFD-44CA-B3A8-E29520139AC0}"
EndProject
Global
	GlobalSection(SolutionConfigurationPlatforms) = preSolution
		Debug|Any CPU = Debug|Any CPU
		Release|Any CPU = Release|Any CPU
	EndGlobalSection
	GlobalSection(ProjectConfigurationPlatforms) = postSolution
		{84AA79CC-2FFD-44CA-B3A8-E29520139AC0}.Debug|Any CPU.ActiveCfg = Debug|Any CPU
		{84AA79CC-2FFD-44CA-B3A8-E29520139AC0}.Debug|Any CPU.Build.0 = Debug|Any CPU
		{84AA79CC-2FFD-44CA-B3A8-E29520139AC0}.Release|Any CPU.ActiveCfg = Release|Any CPU
		{84AA79CC-2FFD-44CA-B3A8-E29520139AC0}.Release|Any CPU.Build.0 = Release|Any CPU
	EndGlobalSection
	GlobalSection(SolutionProperties) = preSolution
		HideSolutionNode = FALSE
	EndGlobalSection
	GlobalSection(ExtensibilityGlobals) = postSolution
		SolutionGuid = {39899AEC-52D3-4C24-9EF2-B4A84098D80A}
	EndGlobalSection
EndGlobal
